{
  "name": "Slick Carousel",
  "requires": true,
  "lockfileVersion": 1,
  "dependencies": {
    "slick-lightbox": {
      "version": "0.2.10",
      "resolved": "https://registry.npmjs.org/slick-lightbox/-/slick-lightbox-0.2.10.tgz",
      "integrity": "sha1-gPYXeD9CDLltlhrqJAmf+OYVM5A="
    }
  }
}
