{
  "name": "Slick Carousel",
  "requires": true,
  "lockfileVersion": 1,
  "dependencies": {
    "slick-carousel": {
      "version": "1.2.10",
      "resolved": "https://registry.npmjs.org/slick-carousel/-/slick-carousel-1.2.10.tgz",
      "integrity": "sha1-58zsamd3Pax+VL5F5Up8cPyAqTk="
    }
  }
}
