{
  "name": "Slick Carousel",
  "requires": true,
  "lockfileVersion": 1,
  "dependencies": {
    "slick-carousel": {
      "version": "1.8.0",
      "resolved": "https://registry.npmjs.org/slick-carousel/-/slick-carousel-1.8.0.tgz",
      "integrity": "sha512-MSMpaUJoeM7svF+pWDOZpme4PyxZ4SBCWpyBdFvw97RSeRYrjs+EsMT0fQpRxH2Qu7axEuS8d1uA7/G7IGm0CQ=="
    }
  }
}
