{
  "name": "Slick Carousel",
  "requires": true,
  "lockfileVersion": 1,
  "dependencies": {
    "slick-carousel": {
      "version": "1.5.5",
      "resolved": "https://registry.npmjs.org/slick-carousel/-/slick-carousel-1.5.5.tgz",
      "integrity": "sha1-ahf1bITVzKayD0kYXQilS3Hm4bs="
    }
  }
}
