{
  "name": "Slick Carousel",
  "requires": true,
  "lockfileVersion": 1,
  "dependencies": {
    "slick-carousel": {
      "version": "1.3.12",
      "resolved": "https://registry.npmjs.org/slick-carousel/-/slick-carousel-1.3.12.tgz",
      "integrity": "sha1-6/Urg5J4R8A28mtZD8P+qq2Pkwg="
    }
  }
}
