{
  "name": "Slick Carousel",
  "requires": true,
  "lockfileVersion": 1,
  "dependencies": {
    "slick-lightbox": {
      "version": "0.2.12",
      "resolved": "https://registry.npmjs.org/slick-lightbox/-/slick-lightbox-0.2.12.tgz",
      "integrity": "sha512-OwY/gDvh8Xc7wvch/71U8iK+2rXQS0dAzJZvCO8c4u9ZbxQEdnUz8UjyDQJENALXPhrnXXz/yC8qwUhJEoJhcA=="
    }
  }
}
