{
  "name": "Slick Carousel",
  "requires": true,
  "lockfileVersion": 1,
  "dependencies": {
    "angular": {
      "version": "1.7.1",
      "resolved": "https://registry.npmjs.org/angular/-/angular-1.7.1.tgz",
      "integrity": "sha512-7/ZSit5n1PXM3DGCJRJh9H2iErSqFhGEuzAil47JhcBFLcIR2vMFkD3S0IoJdBQCLQRIt23oH92IJZoMqyi5CQ=="
    }
  }
}
