{
  "name": "Slick Carousel",
  "requires": true,
  "lockfileVersion": 1,
  "dependencies": {
    "slick-carousel": {
      "version": "1.4.1",
      "resolved": "https://registry.npmjs.org/slick-carousel/-/slick-carousel-1.4.1.tgz",
      "integrity": "sha1-g7L1pblJ2RXm3uFoel+s9YtGP3U="
    }
  }
}
