{
  "name": "Slick Carousel",
  "requires": true,
  "lockfileVersion": 1,
  "dependencies": {
    "slick-carousel": {
      "version": "1.5.8",
      "resolved": "https://registry.npmjs.org/slick-carousel/-/slick-carousel-1.5.8.tgz",
      "integrity": "sha1-HOUij1dJkYHrevQzYHoGgbFCr4o="
    }
  }
}
