{
  "name": "Slick Carousel",
  "requires": true,
  "lockfileVersion": 1,
  "dependencies": {
    "slick-carousel": {
      "version": "1.2.9",
      "resolved": "https://registry.npmjs.org/slick-carousel/-/slick-carousel-1.2.9.tgz",
      "integrity": "sha1-6T3ri3f+WjoS1me+WA0oNt9QTrs="
    }
  }
}
