{
  "name": "Slick Carousel",
  "requires": true,
  "lockfileVersion": 1,
  "dependencies": {
    "slick-carousel": {
      "version": "1.3.14",
      "resolved": "https://registry.npmjs.org/slick-carousel/-/slick-carousel-1.3.14.tgz",
      "integrity": "sha1-3K5aJJUD6Vg5pepiR3+QyHBJIZo="
    }
  }
}
