{
  "name": "Slick Carousel",
  "requires": true,
  "lockfileVersion": 1,
  "dependencies": {
    "slick-carousel": {
      "version": "1.5.4",
      "resolved": "https://registry.npmjs.org/slick-carousel/-/slick-carousel-1.5.4.tgz",
      "integrity": "sha1-gRKH4W4LAirVr06snV2+1fbhEDE="
    }
  }
}
