{
  "name": "Slick Carousel",
  "requires": true,
  "lockfileVersion": 1,
  "dependencies": {
    "slick-carousel": {
      "version": "1.4.0",
      "resolved": "https://registry.npmjs.org/slick-carousel/-/slick-carousel-1.4.0.tgz",
      "integrity": "sha1-3oVn5kKbzHs+2T0P/xIAj14an8c="
    }
  }
}
